<?xml version="1.0" encoding="utf-8"?>
<Project ToolsVersion="4.0" xmlns="http://schemas.microsoft.com/developer/msbuild/2003">
  <ItemGroup>
    <ClCompile Include="ContourTiler.cpp" />
    <ClCompile Include="Rasterizer.cpp" />
    <ClCompile Include="ColorMapper.cpp" />
    <ClCompile Include="LineStripLoader.cpp" />
    <ClCompile Include="Quadtree.cpp" />
    <ClCompile Include="QuadExclusions.cpp" />
    <ClCompile Include="CloseContourRanker.cpp" />
  </ItemGroup>
  <ItemGroup>
    <ClInclude Include="ContourTiler.h" />
    <ClInclude Include="Definitions.h" />
    <ClInclude Include="Rasterizer.h" />
    <ClInclude Include="ColorMapper.h" />
    <ClInclude Include="LineStripLoader.h" />
    <ClInclude Include="Quadtree.h" />
    <ClInclude Include="QuadExclusions.h" />
    <ClInclude Include="CloseContourRanker.h" />
  </ItemGroup>
</Project>